
Microsoft Visual Studio Solution File, Format Version 12.00
# Visual Studio 15
VisualStudioVersion = 15.0.27428.2011
MinimumVisualStudioVersion = 10.0.40219.1
Project("{FAE04EC0-301F-11D3-BF4B-00C04F79EFBC}") = "Depth_First_Top_Down", "Depth_First_Top_Down\Depth_First_Top_Down.csproj", "{08FBA9D6-DB05-4CEE-AEC1-BAFF71DB6478}"
EndProject
Global
	GlobalSection(SolutionConfigurationPlatforms) = preSolution
		Debug|Any CPU = Debug|Any CPU
		Release|Any CPU = Release|Any CPU
	EndGlobalSection
	GlobalSection(ProjectConfigurationPlatforms) = postSolution
		{08FBA9D6-DB05-4CEE-AEC1-BAFF71DB6478}.Debug|Any CPU.ActiveCfg = Debug|Any CPU
		{08FBA9D6-DB05-4CEE-AEC1-BAFF71DB6478}.Debug|Any CPU.Build.0 = Debug|Any CPU
		{08FBA9D6-DB05-4CEE-AEC1-BAFF71DB6478}.Release|Any CPU.ActiveCfg = Release|Any CPU
		{08FBA9D6-DB05-4CEE-AEC1-BAFF71DB6478}.Release|Any CPU.Build.0 = Release|Any CPU
	EndGlobalSection
	GlobalSection(SolutionProperties) = preSolution
		HideSolutionNode = FALSE
	EndGlobalSection
	GlobalSection(ExtensibilityGlobals) = postSolution
		SolutionGuid = {7CCE9271-FBD1-41F2-922C-25DCEC7EF38F}
	EndGlobalSection
EndGlobal
